
Microsoft Visual Studio Solution File, Format Version 12.00
# Visual Studio Version 16
VisualStudioVersion = 16.0.32510.428
MinimumVisualStudioVersion = 10.0.40219.1
Project("{FAE04EC0-301F-11D3-BF4B-00C04F79EFBC}") = "B0226497_段昱如_PDPR_week16_1", "B0226497_段昱如_PDPR_week16_1.csproj", "{D05AD963-9CDB-4586-97DE-8C3318FCB0AD}"
EndProject
Global
	GlobalSection(SolutionConfigurationPlatforms) = preSolution
		Debug|Any CPU = Debug|Any CPU
		Release|Any CPU = Release|Any CPU
	EndGlobalSection
	GlobalSection(ProjectConfigurationPlatforms) = postSolution
		{D05AD963-9CDB-4586-97DE-8C3318FCB0AD}.Debug|Any CPU.ActiveCfg = Debug|Any CPU
		{D05AD963-9CDB-4586-97DE-8C3318FCB0AD}.Debug|Any CPU.Build.0 = Debug|Any CPU
		{D05AD963-9CDB-4586-97DE-8C3318FCB0AD}.Release|Any CPU.ActiveCfg = Release|Any CPU
		{D05AD963-9CDB-4586-97DE-8C3318FCB0AD}.Release|Any CPU.Build.0 = Release|Any CPU
	EndGlobalSection
	GlobalSection(SolutionProperties) = preSolution
		HideSolutionNode = FALSE
	EndGlobalSection
	GlobalSection(ExtensibilityGlobals) = postSolution
		SolutionGuid = {C07271FC-4E99-49C3-AB60-79EB7DA1613F}
	EndGlobalSection
EndGlobal
